
Microsoft Visual Studio Solution File, Format Version 12.00
# Visual Studio 2013
VisualStudioVersion = 12.0.21005.1
MinimumVisualStudioVersion = 10.0.40219.1
Project("{2150E333-8FDC-42A3-9474-1A3956D46DE8}") = "Web", "Web", "{663149F1-001A-4A25-B203-803957AAE230}"
EndProject
Project("{2150E333-8FDC-42A3-9474-1A3956D46DE8}") = "Core", "Core", "{2BB749B3-A44B-4BDA-AD97-3888CCB62137}"
EndProject
Project("{2150E333-8FDC-42A3-9474-1A3956D46DE8}") = "Data", "Data", "{1CFBD113-0F52-4E0B-BCCD-1C791110E72A}"
EndProject
Project("{2150E333-8FDC-42A3-9474-1A3956D46DE8}") = "Component", "Component", "{34DE43E8-0559-4832-A625-D8B58DDDC91E}"
EndProject
Project("{FAE04EC0-301F-11D3-BF4B-00C04F79EFBC}") = "Clover.Core", "Clover.FrameWork\Clover.Core\Clover.Core.csproj", "{05558BED-0A9F-4FED-B00B-DEA030AA708D}"
EndProject
Project("{FAE04EC0-301F-11D3-BF4B-00C04F79EFBC}") = "Clover.Config", "Clover.Config\Clover.Config.csproj", "{5930CB4A-5D49-4A0C-AED2-6D60442EAE5D}"
EndProject
Project("{FAE04EC0-301F-11D3-BF4B-00C04F79EFBC}") = "Clover.Web.Core", "Clover.Web.Core\Clover.Web.Core.csproj", "{86AA39DD-E518-4388-A82A-4ED52D55F033}"
EndProject
Project("{FAE04EC0-301F-11D3-BF4B-00C04F79EFBC}") = "Clover.Data", "Clover.Data\Clover.Data.csproj", "{C5D41414-6BD3-4804-9962-0233D042AD54}"
EndProject
Project("{FAE04EC0-301F-11D3-BF4B-00C04F79EFBC}") = "Clover.Web.Core.MVC", "Clover.Web.Core.MVC\Clover.Web.Core.MVC.csproj", "{EF85D812-B89D-468E-B8E3-8E0A3CBB6F7E}"
EndProject
Project("{FAE04EC0-301F-11D3-BF4B-00C04F79EFBC}") = "Clover.Net", "Clover.NetWork\Clover.Net.csproj", "{7C55FEBB-E31C-43AA-8D7E-BEA0A7CF0C6C}"
EndProject
Project("{FAE04EC0-301F-11D3-BF4B-00C04F79EFBC}") = "Clover.Schedules", "Clover.Schedules\Clover.Schedules.csproj", "{D1CACCB2-D361-412A-83AB-3618459E68BA}"
EndProject
Project("{FAE04EC0-301F-11D3-BF4B-00C04F79EFBC}") = "Clover.Component.Excel", "Clover.Component.Excel\Clover.Component.Excel.csproj", "{11B73D1C-0C62-43F8-BBE2-7673102B4F32}"
EndProject
Project("{FAE04EC0-301F-11D3-BF4B-00C04F79EFBC}") = "Clover.i18n", "Clover.FrameWork\Clover.i18n\Clover.i18n.csproj", "{D4C0BAAF-1571-457B-B5AD-063286BEEAC5}"
EndProject
Global
	GlobalSection(SubversionScc) = preSolution
		Svn-Managed = True
		Manager = AnkhSVN - Subversion Support for Visual Studio
	EndGlobalSection
	GlobalSection(SolutionConfigurationPlatforms) = preSolution
		Debug|.NET = Debug|.NET
		Debug|Any CPU = Debug|Any CPU
		Debug|Mixed Platforms = Debug|Mixed Platforms
		Release|.NET = Release|.NET
		Release|Any CPU = Release|Any CPU
		Release|Mixed Platforms = Release|Mixed Platforms
		发布程序集|.NET = 发布程序集|.NET
		发布程序集|Any CPU = 发布程序集|Any CPU
		发布程序集|Mixed Platforms = 发布程序集|Mixed Platforms
	EndGlobalSection
	GlobalSection(ProjectConfigurationPlatforms) = postSolution
		{05558BED-0A9F-4FED-B00B-DEA030AA708D}.Debug|.NET.ActiveCfg = Debug|Any CPU
		{05558BED-0A9F-4FED-B00B-DEA030AA708D}.Debug|.NET.Build.0 = Debug|Any CPU
		{05558BED-0A9F-4FED-B00B-DEA030AA708D}.Debug|Any CPU.ActiveCfg = Debug|Any CPU
		{05558BED-0A9F-4FED-B00B-DEA030AA708D}.Debug|Any CPU.Build.0 = Debug|Any CPU
		{05558BED-0A9F-4FED-B00B-DEA030AA708D}.Debug|Mixed Platforms.ActiveCfg = Debug|Any CPU
		{05558BED-0A9F-4FED-B00B-DEA030AA708D}.Debug|Mixed Platforms.Build.0 = Debug|Any CPU
		{05558BED-0A9F-4FED-B00B-DEA030AA708D}.Release|.NET.ActiveCfg = Release|Any CPU
		{05558BED-0A9F-4FED-B00B-DEA030AA708D}.Release|Any CPU.ActiveCfg = Release|Any CPU
		{05558BED-0A9F-4FED-B00B-DEA030AA708D}.Release|Any CPU.Build.0 = Release|Any CPU
		{05558BED-0A9F-4FED-B00B-DEA030AA708D}.Release|Mixed Platforms.ActiveCfg = Release|Any CPU
		{05558BED-0A9F-4FED-B00B-DEA030AA708D}.Release|Mixed Platforms.Build.0 = Release|Any CPU
		{05558BED-0A9F-4FED-B00B-DEA030AA708D}.发布程序集|.NET.ActiveCfg = 发布程序集|Any CPU
		{05558BED-0A9F-4FED-B00B-DEA030AA708D}.发布程序集|.NET.Build.0 = 发布程序集|Any CPU
		{05558BED-0A9F-4FED-B00B-DEA030AA708D}.发布程序集|Any CPU.ActiveCfg = 发布程序集|Any CPU
		{05558BED-0A9F-4FED-B00B-DEA030AA708D}.发布程序集|Any CPU.Build.0 = 发布程序集|Any CPU
		{05558BED-0A9F-4FED-B00B-DEA030AA708D}.发布程序集|Mixed Platforms.ActiveCfg = 发布程序集|Any CPU
		{05558BED-0A9F-4FED-B00B-DEA030AA708D}.发布程序集|Mixed Platforms.Build.0 = 发布程序集|Any CPU
		{5930CB4A-5D49-4A0C-AED2-6D60442EAE5D}.Debug|.NET.ActiveCfg = Debug|Any CPU
		{5930CB4A-5D49-4A0C-AED2-6D60442EAE5D}.Debug|Any CPU.ActiveCfg = Debug|Any CPU
		{5930CB4A-5D49-4A0C-AED2-6D60442EAE5D}.Debug|Any CPU.Build.0 = Debug|Any CPU
		{5930CB4A-5D49-4A0C-AED2-6D60442EAE5D}.Debug|Mixed Platforms.ActiveCfg = Debug|Any CPU
		{5930CB4A-5D49-4A0C-AED2-6D60442EAE5D}.Debug|Mixed Platforms.Build.0 = Debug|Any CPU
		{5930CB4A-5D49-4A0C-AED2-6D60442EAE5D}.Release|.NET.ActiveCfg = Release|Any CPU
		{5930CB4A-5D49-4A0C-AED2-6D60442EAE5D}.Release|Any CPU.ActiveCfg = Release|Any CPU
		{5930CB4A-5D49-4A0C-AED2-6D60442EAE5D}.Release|Any CPU.Build.0 = Release|Any CPU
		{5930CB4A-5D49-4A0C-AED2-6D60442EAE5D}.Release|Mixed Platforms.ActiveCfg = Release|Any CPU
		{5930CB4A-5D49-4A0C-AED2-6D60442EAE5D}.Release|Mixed Platforms.Build.0 = Release|Any CPU
		{5930CB4A-5D49-4A0C-AED2-6D60442EAE5D}.发布程序集|.NET.ActiveCfg = 发布程序集|Any CPU
		{5930CB4A-5D49-4A0C-AED2-6D60442EAE5D}.发布程序集|.NET.Build.0 = 发布程序集|Any CPU
		{5930CB4A-5D49-4A0C-AED2-6D60442EAE5D}.发布程序集|Any CPU.ActiveCfg = 发布程序集|Any CPU
		{5930CB4A-5D49-4A0C-AED2-6D60442EAE5D}.发布程序集|Any CPU.Build.0 = 发布程序集|Any CPU
		{5930CB4A-5D49-4A0C-AED2-6D60442EAE5D}.发布程序集|Mixed Platforms.ActiveCfg = 发布程序集|Any CPU
		{5930CB4A-5D49-4A0C-AED2-6D60442EAE5D}.发布程序集|Mixed Platforms.Build.0 = 发布程序集|Any CPU
		{86AA39DD-E518-4388-A82A-4ED52D55F033}.Debug|.NET.ActiveCfg = Debug|Any CPU
		{86AA39DD-E518-4388-A82A-4ED52D55F033}.Debug|Any CPU.ActiveCfg = Debug|Any CPU
		{86AA39DD-E518-4388-A82A-4ED52D55F033}.Debug|Any CPU.Build.0 = Debug|Any CPU
		{86AA39DD-E518-4388-A82A-4ED52D55F033}.Debug|Mixed Platforms.ActiveCfg = Debug|Any CPU
		{86AA39DD-E518-4388-A82A-4ED52D55F033}.Debug|Mixed Platforms.Build.0 = Debug|Any CPU
		{86AA39DD-E518-4388-A82A-4ED52D55F033}.Release|.NET.ActiveCfg = Release|Any CPU
		{86AA39DD-E518-4388-A82A-4ED52D55F033}.Release|Any CPU.ActiveCfg = Release|Any CPU
		{86AA39DD-E518-4388-A82A-4ED52D55F033}.Release|Any CPU.Build.0 = Release|Any CPU
		{86AA39DD-E518-4388-A82A-4ED52D55F033}.Release|Mixed Platforms.ActiveCfg = Release|Any CPU
		{86AA39DD-E518-4388-A82A-4ED52D55F033}.Release|Mixed Platforms.Build.0 = Release|Any CPU
		{86AA39DD-E518-4388-A82A-4ED52D55F033}.发布程序集|.NET.ActiveCfg = 发布程序集|Any CPU
		{86AA39DD-E518-4388-A82A-4ED52D55F033}.发布程序集|.NET.Build.0 = 发布程序集|Any CPU
		{86AA39DD-E518-4388-A82A-4ED52D55F033}.发布程序集|Any CPU.ActiveCfg = 发布程序集|Any CPU
		{86AA39DD-E518-4388-A82A-4ED52D55F033}.发布程序集|Any CPU.Build.0 = 发布程序集|Any CPU
		{86AA39DD-E518-4388-A82A-4ED52D55F033}.发布程序集|Mixed Platforms.ActiveCfg = 发布程序集|Any CPU
		{86AA39DD-E518-4388-A82A-4ED52D55F033}.发布程序集|Mixed Platforms.Build.0 = 发布程序集|Any CPU
		{C5D41414-6BD3-4804-9962-0233D042AD54}.Debug|.NET.ActiveCfg = Debug|Any CPU
		{C5D41414-6BD3-4804-9962-0233D042AD54}.Debug|Any CPU.ActiveCfg = Debug|Any CPU
		{C5D41414-6BD3-4804-9962-0233D042AD54}.Debug|Any CPU.Build.0 = Debug|Any CPU
		{C5D41414-6BD3-4804-9962-0233D042AD54}.Debug|Mixed Platforms.ActiveCfg = Debug|Any CPU
		{C5D41414-6BD3-4804-9962-0233D042AD54}.Debug|Mixed Platforms.Build.0 = Debug|Any CPU
		{C5D41414-6BD3-4804-9962-0233D042AD54}.Release|.NET.ActiveCfg = Release|Any CPU
		{C5D41414-6BD3-4804-9962-0233D042AD54}.Release|Any CPU.ActiveCfg = Release|Any CPU
		{C5D41414-6BD3-4804-9962-0233D042AD54}.Release|Any CPU.Build.0 = Release|Any CPU
		{C5D41414-6BD3-4804-9962-0233D042AD54}.Release|Mixed Platforms.ActiveCfg = Release|Any CPU
		{C5D41414-6BD3-4804-9962-0233D042AD54}.Release|Mixed Platforms.Build.0 = Release|Any CPU
		{C5D41414-6BD3-4804-9962-0233D042AD54}.发布程序集|.NET.ActiveCfg = Release|Any CPU
		{C5D41414-6BD3-4804-9962-0233D042AD54}.发布程序集|.NET.Build.0 = Release|Any CPU
		{C5D41414-6BD3-4804-9962-0233D042AD54}.发布程序集|Any CPU.ActiveCfg = Release|Any CPU
		{C5D41414-6BD3-4804-9962-0233D042AD54}.发布程序集|Any CPU.Build.0 = Release|Any CPU
		{C5D41414-6BD3-4804-9962-0233D042AD54}.发布程序集|Mixed Platforms.ActiveCfg = Release|Any CPU
		{C5D41414-6BD3-4804-9962-0233D042AD54}.发布程序集|Mixed Platforms.Build.0 = Release|Any CPU
		{EF85D812-B89D-468E-B8E3-8E0A3CBB6F7E}.Debug|.NET.ActiveCfg = Debug|Any CPU
		{EF85D812-B89D-468E-B8E3-8E0A3CBB6F7E}.Debug|Any CPU.ActiveCfg = Debug|Any CPU
		{EF85D812-B89D-468E-B8E3-8E0A3CBB6F7E}.Debug|Any CPU.Build.0 = Debug|Any CPU
		{EF85D812-B89D-468E-B8E3-8E0A3CBB6F7E}.Debug|Mixed Platforms.ActiveCfg = Debug|Any CPU
		{EF85D812-B89D-468E-B8E3-8E0A3CBB6F7E}.Debug|Mixed Platforms.Build.0 = Debug|Any CPU
		{EF85D812-B89D-468E-B8E3-8E0A3CBB6F7E}.Release|.NET.ActiveCfg = Release|Any CPU
		{EF85D812-B89D-468E-B8E3-8E0A3CBB6F7E}.Release|Any CPU.ActiveCfg = Release|Any CPU
		{EF85D812-B89D-468E-B8E3-8E0A3CBB6F7E}.Release|Any CPU.Build.0 = Release|Any CPU
		{EF85D812-B89D-468E-B8E3-8E0A3CBB6F7E}.Release|Mixed Platforms.ActiveCfg = Release|Any CPU
		{EF85D812-B89D-468E-B8E3-8E0A3CBB6F7E}.Release|Mixed Platforms.Build.0 = Release|Any CPU
		{EF85D812-B89D-468E-B8E3-8E0A3CBB6F7E}.发布程序集|.NET.ActiveCfg = Release|Any CPU
		{EF85D812-B89D-468E-B8E3-8E0A3CBB6F7E}.发布程序集|Any CPU.ActiveCfg = Release|Any CPU
		{EF85D812-B89D-468E-B8E3-8E0A3CBB6F7E}.发布程序集|Any CPU.Build.0 = Release|Any CPU
		{EF85D812-B89D-468E-B8E3-8E0A3CBB6F7E}.发布程序集|Mixed Platforms.ActiveCfg = Release|Any CPU
		{EF85D812-B89D-468E-B8E3-8E0A3CBB6F7E}.发布程序集|Mixed Platforms.Build.0 = Release|Any CPU
		{7C55FEBB-E31C-43AA-8D7E-BEA0A7CF0C6C}.Debug|.NET.ActiveCfg = Debug|Any CPU
		{7C55FEBB-E31C-43AA-8D7E-BEA0A7CF0C6C}.Debug|Any CPU.ActiveCfg = Debug|Any CPU
		{7C55FEBB-E31C-43AA-8D7E-BEA0A7CF0C6C}.Debug|Any CPU.Build.0 = Debug|Any CPU
		{7C55FEBB-E31C-43AA-8D7E-BEA0A7CF0C6C}.Debug|Mixed Platforms.ActiveCfg = Debug|Any CPU
		{7C55FEBB-E31C-43AA-8D7E-BEA0A7CF0C6C}.Debug|Mixed Platforms.Build.0 = Debug|Any CPU
		{7C55FEBB-E31C-43AA-8D7E-BEA0A7CF0C6C}.Release|.NET.ActiveCfg = Release|Any CPU
		{7C55FEBB-E31C-43AA-8D7E-BEA0A7CF0C6C}.Release|Any CPU.ActiveCfg = Release|Any CPU
		{7C55FEBB-E31C-43AA-8D7E-BEA0A7CF0C6C}.Release|Any CPU.Build.0 = Release|Any CPU
		{7C55FEBB-E31C-43AA-8D7E-BEA0A7CF0C6C}.Release|Mixed Platforms.ActiveCfg = Release|Any CPU
		{7C55FEBB-E31C-43AA-8D7E-BEA0A7CF0C6C}.Release|Mixed Platforms.Build.0 = Release|Any CPU
		{7C55FEBB-E31C-43AA-8D7E-BEA0A7CF0C6C}.发布程序集|.NET.ActiveCfg = Release|Any CPU
		{7C55FEBB-E31C-43AA-8D7E-BEA0A7CF0C6C}.发布程序集|Any CPU.ActiveCfg = Release|Any CPU
		{7C55FEBB-E31C-43AA-8D7E-BEA0A7CF0C6C}.发布程序集|Any CPU.Build.0 = Release|Any CPU
		{7C55FEBB-E31C-43AA-8D7E-BEA0A7CF0C6C}.发布程序集|Mixed Platforms.ActiveCfg = Release|Any CPU
		{7C55FEBB-E31C-43AA-8D7E-BEA0A7CF0C6C}.发布程序集|Mixed Platforms.Build.0 = Release|Any CPU
		{D1CACCB2-D361-412A-83AB-3618459E68BA}.Debug|.NET.ActiveCfg = Debug|Any CPU
		{D1CACCB2-D361-412A-83AB-3618459E68BA}.Debug|Any CPU.ActiveCfg = Debug|Any CPU
		{D1CACCB2-D361-412A-83AB-3618459E68BA}.Debug|Any CPU.Build.0 = Debug|Any CPU
		{D1CACCB2-D361-412A-83AB-3618459E68BA}.Debug|Mixed Platforms.ActiveCfg = Debug|Any CPU
		{D1CACCB2-D361-412A-83AB-3618459E68BA}.Debug|Mixed Platforms.Build.0 = Debug|Any CPU
		{D1CACCB2-D361-412A-83AB-3618459E68BA}.Release|.NET.ActiveCfg = Release|Any CPU
		{D1CACCB2-D361-412A-83AB-3618459E68BA}.Release|Any CPU.ActiveCfg = Release|Any CPU
		{D1CACCB2-D361-412A-83AB-3618459E68BA}.Release|Any CPU.Build.0 = Release|Any CPU
		{D1CACCB2-D361-412A-83AB-3618459E68BA}.Release|Mixed Platforms.ActiveCfg = Release|Any CPU
		{D1CACCB2-D361-412A-83AB-3618459E68BA}.Release|Mixed Platforms.Build.0 = Release|Any CPU
		{D1CACCB2-D361-412A-83AB-3618459E68BA}.发布程序集|.NET.ActiveCfg = Release|Any CPU
		{D1CACCB2-D361-412A-83AB-3618459E68BA}.发布程序集|Any CPU.ActiveCfg = Release|Any CPU
		{D1CACCB2-D361-412A-83AB-3618459E68BA}.发布程序集|Any CPU.Build.0 = Release|Any CPU
		{D1CACCB2-D361-412A-83AB-3618459E68BA}.发布程序集|Mixed Platforms.ActiveCfg = Release|Any CPU
		{D1CACCB2-D361-412A-83AB-3618459E68BA}.发布程序集|Mixed Platforms.Build.0 = Release|Any CPU
		{11B73D1C-0C62-43F8-BBE2-7673102B4F32}.Debug|.NET.ActiveCfg = Debug|Any CPU
		{11B73D1C-0C62-43F8-BBE2-7673102B4F32}.Debug|Any CPU.ActiveCfg = Debug|Any CPU
		{11B73D1C-0C62-43F8-BBE2-7673102B4F32}.Debug|Any CPU.Build.0 = Debug|Any CPU
		{11B73D1C-0C62-43F8-BBE2-7673102B4F32}.Debug|Mixed Platforms.ActiveCfg = Debug|Any CPU
		{11B73D1C-0C62-43F8-BBE2-7673102B4F32}.Debug|Mixed Platforms.Build.0 = Debug|Any CPU
		{11B73D1C-0C62-43F8-BBE2-7673102B4F32}.Release|.NET.ActiveCfg = Release|Any CPU
		{11B73D1C-0C62-43F8-BBE2-7673102B4F32}.Release|Any CPU.ActiveCfg = Release|Any CPU
		{11B73D1C-0C62-43F8-BBE2-7673102B4F32}.Release|Any CPU.Build.0 = Release|Any CPU
		{11B73D1C-0C62-43F8-BBE2-7673102B4F32}.Release|Mixed Platforms.ActiveCfg = Release|Any CPU
		{11B73D1C-0C62-43F8-BBE2-7673102B4F32}.Release|Mixed Platforms.Build.0 = Release|Any CPU
		{11B73D1C-0C62-43F8-BBE2-7673102B4F32}.发布程序集|.NET.ActiveCfg = Release|Any CPU
		{11B73D1C-0C62-43F8-BBE2-7673102B4F32}.发布程序集|Any CPU.ActiveCfg = Release|Any CPU
		{11B73D1C-0C62-43F8-BBE2-7673102B4F32}.发布程序集|Any CPU.Build.0 = Release|Any CPU
		{11B73D1C-0C62-43F8-BBE2-7673102B4F32}.发布程序集|Mixed Platforms.ActiveCfg = Release|Any CPU
		{11B73D1C-0C62-43F8-BBE2-7673102B4F32}.发布程序集|Mixed Platforms.Build.0 = Release|Any CPU
		{D4C0BAAF-1571-457B-B5AD-063286BEEAC5}.Debug|.NET.ActiveCfg = Debug|Any CPU
		{D4C0BAAF-1571-457B-B5AD-063286BEEAC5}.Debug|Any CPU.ActiveCfg = Debug|Any CPU
		{D4C0BAAF-1571-457B-B5AD-063286BEEAC5}.Debug|Any CPU.Build.0 = Debug|Any CPU
		{D4C0BAAF-1571-457B-B5AD-063286BEEAC5}.Debug|Mixed Platforms.ActiveCfg = Debug|Any CPU
		{D4C0BAAF-1571-457B-B5AD-063286BEEAC5}.Debug|Mixed Platforms.Build.0 = Debug|Any CPU
		{D4C0BAAF-1571-457B-B5AD-063286BEEAC5}.Release|.NET.ActiveCfg = Release|Any CPU
		{D4C0BAAF-1571-457B-B5AD-063286BEEAC5}.Release|Any CPU.ActiveCfg = Release|Any CPU
		{D4C0BAAF-1571-457B-B5AD-063286BEEAC5}.Release|Any CPU.Build.0 = Release|Any CPU
		{D4C0BAAF-1571-457B-B5AD-063286BEEAC5}.Release|Mixed Platforms.ActiveCfg = Release|Any CPU
		{D4C0BAAF-1571-457B-B5AD-063286BEEAC5}.Release|Mixed Platforms.Build.0 = Release|Any CPU
		{D4C0BAAF-1571-457B-B5AD-063286BEEAC5}.发布程序集|.NET.ActiveCfg = Release|Any CPU
		{D4C0BAAF-1571-457B-B5AD-063286BEEAC5}.发布程序集|Any CPU.ActiveCfg = Release|Any CPU
		{D4C0BAAF-1571-457B-B5AD-063286BEEAC5}.发布程序集|Any CPU.Build.0 = Release|Any CPU
		{D4C0BAAF-1571-457B-B5AD-063286BEEAC5}.发布程序集|Mixed Platforms.ActiveCfg = Release|Any CPU
		{D4C0BAAF-1571-457B-B5AD-063286BEEAC5}.发布程序集|Mixed Platforms.Build.0 = Release|Any CPU
	EndGlobalSection
	GlobalSection(SolutionProperties) = preSolution
		HideSolutionNode = FALSE
	EndGlobalSection
	GlobalSection(NestedProjects) = preSolution
		{86AA39DD-E518-4388-A82A-4ED52D55F033} = {663149F1-001A-4A25-B203-803957AAE230}
		{EF85D812-B89D-468E-B8E3-8E0A3CBB6F7E} = {663149F1-001A-4A25-B203-803957AAE230}
		{05558BED-0A9F-4FED-B00B-DEA030AA708D} = {2BB749B3-A44B-4BDA-AD97-3888CCB62137}
		{5930CB4A-5D49-4A0C-AED2-6D60442EAE5D} = {2BB749B3-A44B-4BDA-AD97-3888CCB62137}
		{7C55FEBB-E31C-43AA-8D7E-BEA0A7CF0C6C} = {2BB749B3-A44B-4BDA-AD97-3888CCB62137}
		{D1CACCB2-D361-412A-83AB-3618459E68BA} = {2BB749B3-A44B-4BDA-AD97-3888CCB62137}
		{D4C0BAAF-1571-457B-B5AD-063286BEEAC5} = {2BB749B3-A44B-4BDA-AD97-3888CCB62137}
		{C5D41414-6BD3-4804-9962-0233D042AD54} = {1CFBD113-0F52-4E0B-BCCD-1C791110E72A}
		{11B73D1C-0C62-43F8-BBE2-7673102B4F32} = {34DE43E8-0559-4832-A625-D8B58DDDC91E}
	EndGlobalSection
EndGlobal
